
Microsoft Visual Studio Solution File, Format Version 12.00
# Visual Studio 15
VisualStudioVersion = 15.0.28307.779
MinimumVisualStudioVersion = 10.0.40219.1
Project("{FAE04EC0-301F-11D3-BF4B-00C04F79EFBC}") = "Animal", "Animal\Animal.csproj", "{28F08BC9-24F0-420E-97DD-AE86BD51557F}"
EndProject
Project("{FAE04EC0-301F-11D3-BF4B-00C04F79EFBC}") = "IPet", "IPet\IPet.csproj", "{8513DA86-20D3-4530-9E15-572A0214F3A8}"
EndProject
Project("{FAE04EC0-301F-11D3-BF4B-00C04F79EFBC}") = "Dog", "Dog\Dog.csproj", "{3398B4F3-8870-45D8-B09E-83335A3929EB}"
EndProject
Global
	GlobalSection(SolutionConfigurationPlatforms) = preSolution
		Debug|Any CPU = Debug|Any CPU
		Release|Any CPU = Release|Any CPU
	EndGlobalSection
	GlobalSection(ProjectConfigurationPlatforms) = postSolution
		{28F08BC9-24F0-420E-97DD-AE86BD51557F}.Debug|Any CPU.ActiveCfg = Debug|Any CPU
		{28F08BC9-24F0-420E-97DD-AE86BD51557F}.Debug|Any CPU.Build.0 = Debug|Any CPU
		{28F08BC9-24F0-420E-97DD-AE86BD51557F}.Release|Any CPU.ActiveCfg = Release|Any CPU
		{28F08BC9-24F0-420E-97DD-AE86BD51557F}.Release|Any CPU.Build.0 = Release|Any CPU
		{8513DA86-20D3-4530-9E15-572A0214F3A8}.Debug|Any CPU.ActiveCfg = Debug|Any CPU
		{8513DA86-20D3-4530-9E15-572A0214F3A8}.Debug|Any CPU.Build.0 = Debug|Any CPU
		{8513DA86-20D3-4530-9E15-572A0214F3A8}.Release|Any CPU.ActiveCfg = Release|Any CPU
		{8513DA86-20D3-4530-9E15-572A0214F3A8}.Release|Any CPU.Build.0 = Release|Any CPU
		{3398B4F3-8870-45D8-B09E-83335A3929EB}.Debug|Any CPU.ActiveCfg = Debug|Any CPU
		{3398B4F3-8870-45D8-B09E-83335A3929EB}.Debug|Any CPU.Build.0 = Debug|Any CPU
		{3398B4F3-8870-45D8-B09E-83335A3929EB}.Release|Any CPU.ActiveCfg = Release|Any CPU
		{3398B4F3-8870-45D8-B09E-83335A3929EB}.Release|Any CPU.Build.0 = Release|Any CPU
	EndGlobalSection
	GlobalSection(SolutionProperties) = preSolution
		HideSolutionNode = FALSE
	EndGlobalSection
	GlobalSection(ExtensibilityGlobals) = postSolution
		SolutionGuid = {7BE7EB98-1359-41D7-A600-3AD6D73158D8}
	EndGlobalSection
EndGlobal
